
Microsoft Visual Studio Solution File, Format Version 12.00
# Visual Studio 2012
Project("{FAE04EC0-301F-11D3-BF4B-00C04F79EFBC}") = "CreditCardValidatorLibrary", "CreditCardValidatorLibrary\CreditCardValidatorLibrary.csproj", "{20C12D7E-CC4F-4246-9B84-562F11D0004D}"
EndProject
Global
	GlobalSection(SolutionConfigurationPlatforms) = preSolution
		Debug|Any CPU = Debug|Any CPU
		Release|Any CPU = Release|Any CPU
	EndGlobalSection
	GlobalSection(ProjectConfigurationPlatforms) = postSolution
		{20C12D7E-CC4F-4246-9B84-562F11D0004D}.Debug|Any CPU.ActiveCfg = Debug|Any CPU
		{20C12D7E-CC4F-4246-9B84-562F11D0004D}.Debug|Any CPU.Build.0 = Debug|Any CPU
		{20C12D7E-CC4F-4246-9B84-562F11D0004D}.Release|Any CPU.ActiveCfg = Release|Any CPU
		{20C12D7E-CC4F-4246-9B84-562F11D0004D}.Release|Any CPU.Build.0 = Release|Any CPU
	EndGlobalSection
EndGlobal
